# THIS IS AN AUTOGENERATED FILE. DO NOT EDIT THIS FILE DIRECTLY.
# yarn lockfile v1


image-size@^0.5.1:
  version "0.5.1"
  resolved "https://registry.yarnpkg.com/image-size/-/image-size-0.5.1.tgz#28eea8548a4b1443480ddddc1e083ae54652439f"

png-js@^0.1.1:
  version "0.1.1"
  resolved "https://registry.yarnpkg.com/png-js/-/png-js-0.1.1.tgz#1cc7c212303acabe74263ec3ac78009580242d93"

rgb-hex@^2.1.0:
  version "2.1.0"
  resolved "https://registry.yarnpkg.com/rgb-hex/-/rgb-hex-2.1.0.tgz#c773c5fe2268a25578d92539a82a7a5ce53beda6"
